// !$*UTF8*$!
{
	archiveVersion = 1;
	classes = {
	};
	objectVersion = 46;
	objects = {

/* Begin PBXBuildFile section */
		1ABF163B1F6E483B0007790B /* Main.storyboard in Resources */ = {isa = PBXBuildFile; fileRef = 1A3CE4891F688D9D0084640D /* Main.storyboard */; };
		1ABF163C1F6E48420007790B /* AppDelegate.swift in Sources */ = {isa = PBXBuildFile; fileRef = 1A3CE4851F688D9D0084640D /* AppDelegate.swift */; };
		1ABF163D1F6E48460007790B /* MemeEditorViewController.swift in Sources */ = {isa = PBXBuildFile; fileRef = 1A3CE4871F688D9D0084640D /* MemeEditorViewController.swift */; };
		1ABF163E1F6E484A0007790B /* MemeCollectionViewController.swift in Sources */ = {isa = PBXBuildFile; fileRef = 1ABF16181F6E2BFC0007790B /* MemeCollectionViewController.swift */; };
		1ABF163F1F6E484E0007790B /* MemeTableViewController.swift in Sources */ = {isa = PBXBuildFile; fileRef = 1ABF16161F6E2A800007790B /* MemeTableViewController.swift */; };
		1ABF16401F6E48520007790B /* MemeDetailViewController.swift in Sources */ = {isa = PBXBuildFile; fileRef = 1ABF161A1F6E2CED0007790B /* MemeDetailViewController.swift */; };
		1ABF16411F6E48550007790B /* Meme.swift in Sources */ = {isa = PBXBuildFile; fileRef = 1ABF16141F6DFA0F0007790B /* Meme.swift */; };
		1ABF16441F6E48630007790B /* Assets.xcassets in Resources */ = {isa = PBXBuildFile; fileRef = 1A3CE48C1F688D9D0084640D /* Assets.xcassets */; };
		1ABF164C1F6F1BD20007790B /* MemeCollectionViewCell.swift in Sources */ = {isa = PBXBuildFile; fileRef = 1ABF164B1F6F1BD20007790B /* MemeCollectionViewCell.swift */; };
		1ABF164E1F6F8B6C0007790B /* MemeTableViewCell.swift in Sources */ = {isa = PBXBuildFile; fileRef = 1ABF164D1F6F8B6C0007790B /* MemeTableViewCell.swift */; };
		1ABF16501F707CC70007790B /* MemeCollectionRowAndCellImageView.swift in Sources */ = {isa = PBXBuildFile; fileRef = 1ABF164F1F707CC70007790B /* MemeCollectionRowAndCellImageView.swift */; };
		1AE108D91F9984D9002C895A /* LaunchScreen.xib in Resources */ = {isa = PBXBuildFile; fileRef = 1AE108D71F9984D9002C895A /* LaunchScreen.xib */; };
		1AE108DF1F99B58D002C895A /* impact.ttf in Resources */ = {isa = PBXBuildFile; fileRef = 1AE108DE1F99B589002C895A /* impact.ttf */; };
		1AE108E31F9AA1D6002C895A /* TextFieldDelegate.swift in Sources */ = {isa = PBXBuildFile; fileRef = 1AE108E21F9AA1D6002C895A /* TextFieldDelegate.swift */; };
/* End PBXBuildFile section */

/* Begin PBXFileReference section */
		1A3CE4851F688D9D0084640D /* AppDelegate.swift */ = {isa = PBXFileReference; lastKnownFileType = sourcecode.swift; path = AppDelegate.swift; sourceTree = "<group>"; };
		1A3CE4871F688D9D0084640D /* MemeEditorViewController.swift */ = {isa = PBXFileReference; lastKnownFileType = sourcecode.swift; path = MemeEditorViewController.swift; sourceTree = "<group>"; };
		1A3CE48A1F688D9D0084640D /* Base */ = {isa = PBXFileReference; lastKnownFileType = file.storyboard; name = Base; path = Base.lproj/Main.storyboard; sourceTree = "<group>"; };
		1A3CE48C1F688D9D0084640D /* Assets.xcassets */ = {isa = PBXFileReference; lastKnownFileType = folder.assetcatalog; path = Assets.xcassets; sourceTree = "<group>"; };
		1A3CE4911F688D9D0084640D /* Info.plist */ = {isa = PBXFileReference; lastKnownFileType = text.plist.xml; path = Info.plist; sourceTree = "<group>"; };
		1ABF16141F6DFA0F0007790B /* Meme.swift */ = {isa = PBXFileReference; fileEncoding = 4; lastKnownFileType = sourcecode.swift; path = Meme.swift; sourceTree = "<group>"; };
		1ABF16161F6E2A800007790B /* MemeTableViewController.swift */ = {isa = PBXFileReference; fileEncoding = 4; lastKnownFileType = sourcecode.swift; path = MemeTableViewController.swift; sourceTree = "<group>"; };
		1ABF16181F6E2BFC0007790B /* MemeCollectionViewController.swift */ = {isa = PBXFileReference; fileEncoding = 4; lastKnownFileType = sourcecode.swift; path = MemeCollectionViewController.swift; sourceTree = "<group>"; };
		1ABF161A1F6E2CED0007790B /* MemeDetailViewController.swift */ = {isa = PBXFileReference; fileEncoding = 4; lastKnownFileType = sourcecode.swift; path = MemeDetailViewController.swift; sourceTree = "<group>"; };
		1ABF16261F6E41F20007790B /* MemeMe Version 2.0.app */ = {isa = PBXFileReference; explicitFileType = wrapper.application; includeInIndex = 0; path = "MemeMe Version 2.0.app"; sourceTree = BUILT_PRODUCTS_DIR; };
		1ABF164B1F6F1BD20007790B /* MemeCollectionViewCell.swift */ = {isa = PBXFileReference; fileEncoding = 4; lastKnownFileType = sourcecode.swift; path = MemeCollectionViewCell.swift; sourceTree = "<group>"; };
		1ABF164D1F6F8B6C0007790B /* MemeTableViewCell.swift */ = {isa = PBXFileReference; fileEncoding = 4; lastKnownFileType = sourcecode.swift; path = MemeTableViewCell.swift; sourceTree = "<group>"; };
		1ABF164F1F707CC70007790B /* MemeCollectionRowAndCellImageView.swift */ = {isa = PBXFileReference; fileEncoding = 4; lastKnownFileType = sourcecode.swift; path = MemeCollectionRowAndCellImageView.swift; sourceTree = "<group>"; };
		1AE108D81F9984D9002C895A /* Base */ = {isa = PBXFileReference; lastKnownFileType = file.xib; name = Base; path = Base.lproj/LaunchScreen.xib; sourceTree = "<group>"; };
		1AE108DE1F99B589002C895A /* impact.ttf */ = {isa = PBXFileReference; lastKnownFileType = file; path = impact.ttf; sourceTree = "<group>"; };
		1AE108E21F9AA1D6002C895A /* TextFieldDelegate.swift */ = {isa = PBXFileReference; lastKnownFileType = sourcecode.swift; path = TextFieldDelegate.swift; sourceTree = "<group>"; };
/* End PBXFileReference section */

/* Begin PBXFrameworksBuildPhase section */
		1ABF16231F6E41F20007790B /* Frameworks */ = {
			isa = PBXFrameworksBuildPhase;
			buildActionMask = 2147483647;
			files = (
			);
			runOnlyForDeploymentPostprocessing = 0;
		};
/* End PBXFrameworksBuildPhase section */

/* Begin PBXGroup section */
		1A3CE4791F688D9D0084640D = {
			isa = PBXGroup;
			children = (
				1A3CE4841F688D9D0084640D /* MemeMe Version 2.0 */,
				1A3CE4831F688D9D0084640D /* Products */,
			);
			sourceTree = "<group>";
		};
		1A3CE4831F688D9D0084640D /* Products */ = {
			isa = PBXGroup;
			children = (
				1ABF16261F6E41F20007790B /* MemeMe Version 2.0.app */,
			);
			name = Products;
			sourceTree = "<group>";
		};
		1A3CE4841F688D9D0084640D /* MemeMe Version 2.0 */ = {
			isa = PBXGroup;
			children = (
				1A3CE4891F688D9D0084640D /* Main.storyboard */,
				1A3CE4851F688D9D0084640D /* AppDelegate.swift */,
				1A3CE4871F688D9D0084640D /* MemeEditorViewController.swift */,
				1ABF16161F6E2A800007790B /* MemeTableViewController.swift */,
				1ABF164D1F6F8B6C0007790B /* MemeTableViewCell.swift */,
				1ABF16181F6E2BFC0007790B /* MemeCollectionViewController.swift */,
				1ABF164B1F6F1BD20007790B /* MemeCollectionViewCell.swift */,
				1ABF164F1F707CC70007790B /* MemeCollectionRowAndCellImageView.swift */,
				1ABF161A1F6E2CED0007790B /* MemeDetailViewController.swift */,
				1ABF16141F6DFA0F0007790B /* Meme.swift */,
				1AE108E21F9AA1D6002C895A /* TextFieldDelegate.swift */,
				1AE108DD1F99B569002C895A /* Resources */,
				1A3CE48C1F688D9D0084640D /* Assets.xcassets */,
				1A3CE4911F688D9D0084640D /* Info.plist */,
				1AE108D71F9984D9002C895A /* LaunchScreen.xib */,
			);
			path = "MemeMe Version 2.0";
			sourceTree = "<group>";
		};
		1AE108DD1F99B569002C895A /* Resources */ = {
			isa = PBXGroup;
			children = (
				1AE108DE1F99B589002C895A /* impact.ttf */,
			);
			path = Resources;
			sourceTree = "<group>";
		};
/* End PBXGroup section */

/* Begin PBXNativeTarget section */
		1ABF16251F6E41F20007790B /* MemeMe Version 2.0 */ = {
			isa = PBXNativeTarget;
			buildConfigurationList = 1ABF16351F6E41F20007790B /* Build configuration list for PBXNativeTarget "MemeMe Version 2.0" */;
			buildPhases = (
				1ABF16221F6E41F20007790B /* Sources */,
				1ABF16231F6E41F20007790B /* Frameworks */,
				1ABF16241F6E41F20007790B /* Resources */,
			);
			buildRules = (
			);
			dependencies = (
			);
			name = "MemeMe Version 2.0";
			productName = "MemeMe Version 2.0";
			productReference = 1ABF16261F6E41F20007790B /* MemeMe Version 2.0.app */;
			productType = "com.apple.product-type.application";
		};
/* End PBXNativeTarget section */

/* Begin PBXProject section */
		1A3CE47A1F688D9D0084640D /* Project object */ = {
			isa = PBXProject;
			attributes = {
				LastSwiftUpdateCheck = 0830;
				LastUpgradeCheck = 0900;
				ORGANIZATIONNAME = "James Dellinger";
				TargetAttributes = {
					1ABF16251F6E41F20007790B = {
						CreatedOnToolsVersion = 8.3.3;
						ProvisioningStyle = Automatic;
					};
				};
			};
			buildConfigurationList = 1A3CE47D1F688D9D0084640D /* Build configuration list for PBXProject "MemeMe Version 2.0" */;
			compatibilityVersion = "Xcode 3.2";
			developmentRegion = English;
			hasScannedForEncodings = 0;
			knownRegions = (
				en,
				Base,
			);
			mainGroup = 1A3CE4791F688D9D0084640D;
			productRefGroup = 1A3CE4831F688D9D0084640D /* Products */;
			projectDirPath = "";
			projectRoot = "";
			targets = (
				1ABF16251F6E41F20007790B /* MemeMe Version 2.0 */,
			);
		};
/* End PBXProject section */

/* Begin PBXResourcesBuildPhase section */
		1ABF16241F6E41F20007790B /* Resources */ = {
			isa = PBXResourcesBuildPhase;
			buildActionMask = 2147483647;
			files = (
				1AE108DF1F99B58D002C895A /* impact.ttf in Resources */,
				1ABF163B1F6E483B0007790B /* Main.storyboard in Resources */,
				1AE108D91F9984D9002C895A /* LaunchScreen.xib in Resources */,
				1ABF16441F6E48630007790B /* Assets.xcassets in Resources */,
			);
			runOnlyForDeploymentPostprocessing = 0;
		};
/* End PBXResourcesBuildPhase section */

/* Begin PBXSourcesBuildPhase section */
		1ABF16221F6E41F20007790B /* Sources */ = {
			isa = PBXSourcesBuildPhase;
			buildActionMask = 2147483647;
			files = (
				1ABF163C1F6E48420007790B /* AppDelegate.swift in Sources */,
				1ABF163E1F6E484A0007790B /* MemeCollectionViewController.swift in Sources */,
				1AE108E31F9AA1D6002C895A /* TextFieldDelegate.swift in Sources */,
				1ABF163D1F6E48460007790B /* MemeEditorViewController.swift in Sources */,
				1ABF16501F707CC70007790B /* MemeCollectionRowAndCellImageView.swift in Sources */,
				1ABF164C1F6F1BD20007790B /* MemeCollectionViewCell.swift in Sources */,
				1ABF16411F6E48550007790B /* Meme.swift in Sources */,
				1ABF163F1F6E484E0007790B /* MemeTableViewController.swift in Sources */,
				1ABF164E1F6F8B6C0007790B /* MemeTableViewCell.swift in Sources */,
				1ABF16401F6E48520007790B /* MemeDetailViewController.swift in Sources */,
			);
			runOnlyForDeploymentPostprocessing = 0;
		};
/* End PBXSourcesBuildPhase section */

/* Begin PBXVariantGroup section */
		1A3CE4891F688D9D0084640D /* Main.storyboard */ = {
			isa = PBXVariantGroup;
			children = (
				1A3CE48A1F688D9D0084640D /* Base */,
			);
			name = Main.storyboard;
			path = "MemeMe Version 2.0";
			sourceTree = SOURCE_ROOT;
		};
		1AE108D71F9984D9002C895A /* LaunchScreen.xib */ = {
			isa = PBXVariantGroup;
			children = (
				1AE108D81F9984D9002C895A /* Base */,
			);
			name = LaunchScreen.xib;
			sourceTree = "<group>";
		};
/* End PBXVariantGroup section */

/* Begin XCBuildConfiguration section */
		1A3CE4921F688D9D0084640D /* Debug */ = {
			isa = XCBuildConfiguration;
			buildSettings = {
				ALWAYS_SEARCH_USER_PATHS = NO;
				CLANG_ANALYZER_NONNULL = YES;
				CLANG_ANALYZER_NUMBER_OBJECT_CONVERSION = YES_AGGRESSIVE;
				CLANG_CXX_LANGUAGE_STANDARD = "gnu++0x";
				CLANG_CXX_LIBRARY = "libc++";
				CLANG_ENABLE_MODULES = YES;
				CLANG_ENABLE_OBJC_ARC = YES;
				CLANG_WARN_BLOCK_CAPTURE_AUTORELEASING = YES;
				CLANG_WARN_BOOL_CONVERSION = YES;
				CLANG_WARN_COMMA = YES;
				CLANG_WARN_CONSTANT_CONVERSION = YES;
				CLANG_WARN_DIRECT_OBJC_ISA_USAGE = YES_ERROR;
				CLANG_WARN_DOCUMENTATION_COMMENTS = YES;
				CLANG_WARN_EMPTY_BODY = YES;
				CLANG_WARN_ENUM_CONVERSION = YES;
				CLANG_WARN_INFINITE_RECURSION = YES;
				CLANG_WARN_INT_CONVERSION = YES;
				CLANG_WARN_NON_LITERAL_NULL_CONVERSION = YES;
				CLANG_WARN_OBJC_LITERAL_CONVERSION = YES;
				CLANG_WARN_OBJC_ROOT_CLASS = YES_ERROR;
				CLANG_WARN_RANGE_LOOP_ANALYSIS = YES;
				CLANG_WARN_STRICT_PROTOTYPES = YES;
				CLANG_WARN_SUSPICIOUS_MOVE = YES;
				CLANG_WARN_UNREACHABLE_CODE = YES;
				CLANG_WARN__DUPLICATE_METHOD_MATCH = YES;
				"CODE_SIGN_IDENTITY[sdk=iphoneos*]" = "iPhone Developer";
				COPY_PHASE_STRIP = NO;
				DEBUG_INFORMATION_FORMAT = dwarf;
				ENABLE_STRICT_OBJC_MSGSEND = YES;
				ENABLE_TESTABILITY = YES;
				GCC_C_LANGUAGE_STANDARD = gnu99;
				GCC_DYNAMIC_NO_PIC = NO;
				GCC_NO_COMMON_BLOCKS = YES;
				GCC_OPTIMIZATION_LEVEL = 0;
				GCC_PREPROCESSOR_DEFINITIONS = (
					"DEBUG=1",
					"$(inherited)",
				);
				GCC_WARN_64_TO_32_BIT_CONVERSION = YES;
				GCC_WARN_ABOUT_RETURN_TYPE = YES_ERROR;
				GCC_WARN_UNDECLARED_SELECTOR = YES;
				GCC_WARN_UNINITIALIZED_AUTOS = YES_AGGRESSIVE;
				GCC_WARN_UNUSED_FUNCTION = YES;
				GCC_WARN_UNUSED_VARIABLE = YES;
				IPHONEOS_DEPLOYMENT_TARGET = 10.3;
				MTL_ENABLE_DEBUG_INFO = YES;
				ONLY_ACTIVE_ARCH = YES;
				SDKROOT = iphoneos;
				SWIFT_ACTIVE_COMPILATION_CONDITIONS = DEBUG;
				SWIFT_OPTIMIZATION_LEVEL = "-Onone";
			};
			name = Debug;
		};
		1A3CE4931F688D9D0084640D /* Release */ = {
			isa = XCBuildConfiguration;
			buildSettings = {
				ALWAYS_SEARCH_USER_PATHS = NO;
				CLANG_ANALYZER_NONNULL = YES;
				CLANG_ANALYZER_NUMBER_OBJECT_CONVERSION = YES_AGGRESSIVE;
				CLANG_CXX_LANGUAGE_STANDARD = "gnu++0x";
				CLANG_CXX_LIBRARY = "libc++";
				CLANG_ENABLE_MODULES = YES;
				CLANG_ENABLE_OBJC_ARC = YES;
				CLANG_WARN_BLOCK_CAPTURE_AUTORELEASING = YES;
				CLANG_WARN_BOOL_CONVERSION = YES;
				CLANG_WARN_COMMA = YES;
				CLANG_WARN_CONSTANT_CONVERSION = YES;
				CLANG_WARN_DIRECT_OBJC_ISA_USAGE = YES_ERROR;
				CLANG_WARN_DOCUMENTATION_COMMENTS = YES;
				CLANG_WARN_EMPTY_BODY = YES;
				CLANG_WARN_ENUM_CONVERSION = YES;
				CLANG_WARN_INFINITE_RECURSION = YES;
				CLANG_WARN_INT_CONVERSION = YES;
				CLANG_WARN_NON_LITERAL_NULL_CONVERSION = YES;
				CLANG_WARN_OBJC_LITERAL_CONVERSION = YES;
				CLANG_WARN_OBJC_ROOT_CLASS = YES_ERROR;
				CLANG_WARN_RANGE_LOOP_ANALYSIS = YES;
				CLANG_WARN_STRICT_PROTOTYPES = YES;
				CLANG_WARN_SUSPICIOUS_MOVE = YES;
				CLANG_WARN_UNREACHABLE_CODE = YES;
				CLANG_WARN__DUPLICATE_METHOD_MATCH = YES;
				"CODE_SIGN_IDENTITY[sdk=iphoneos*]" = "iPhone Developer";
				COPY_PHASE_STRIP = NO;
				DEBUG_INFORMATION_FORMAT = "dwarf-with-dsym";
				ENABLE_NS_ASSERTIONS = NO;
				ENABLE_STRICT_OBJC_MSGSEND = YES;
				GCC_C_LANGUAGE_STANDARD = gnu99;
				GCC_NO_COMMON_BLOCKS = YES;
				GCC_WARN_64_TO_32_BIT_CONVERSION = YES;
				GCC_WARN_ABOUT_RETURN_TYPE = YES_ERROR;
				GCC_WARN_UNDECLARED_SELECTOR = YES;
				GCC_WARN_UNINITIALIZED_AUTOS = YES_AGGRESSIVE;
				GCC_WARN_UNUSED_FUNCTION = YES;
				GCC_WARN_UNUSED_VARIABLE = YES;
				IPHONEOS_DEPLOYMENT_TARGET = 10.3;
				MTL_ENABLE_DEBUG_INFO = NO;
				SDKROOT = iphoneos;
				SWIFT_OPTIMIZATION_LEVEL = "-Owholemodule";
				VALIDATE_PRODUCT = YES;
			};
			name = Release;
		};
		1ABF16361F6E41F20007790B /* Debug */ = {
			isa = XCBuildConfiguration;
			buildSettings = {
				ASSETCATALOG_COMPILER_APPICON_NAME = AppIcon;
				INFOPLIST_FILE = "MemeMe Version 2.0/Info.plist";
				LD_RUNPATH_SEARCH_PATHS = "$(inherited) @executable_path/Frameworks";
				PRODUCT_BUNDLE_IDENTIFIER = "JamesDellinger.MemeMe-Version-2-0";
				PRODUCT_NAME = "$(TARGET_NAME)";
				SWIFT_VERSION = 3.0;
			};
			name = Debug;
		};
		1ABF16371F6E41F20007790B /* Release */ = {
			isa = XCBuildConfiguration;
			buildSettings = {
				ASSETCATALOG_COMPILER_APPICON_NAME = AppIcon;
				INFOPLIST_FILE = "MemeMe Version 2.0/Info.plist";
				LD_RUNPATH_SEARCH_PATHS = "$(inherited) @executable_path/Frameworks";
				PRODUCT_BUNDLE_IDENTIFIER = "JamesDellinger.MemeMe-Version-2-0";
				PRODUCT_NAME = "$(TARGET_NAME)";
				SWIFT_VERSION = 3.0;
			};
			name = Release;
		};
/* End XCBuildConfiguration section */

/* Begin XCConfigurationList section */
		1A3CE47D1F688D9D0084640D /* Build configuration list for PBXProject "MemeMe Version 2.0" */ = {
			isa = XCConfigurationList;
			buildConfigurations = (
				1A3CE4921F688D9D0084640D /* Debug */,
				1A3CE4931F688D9D0084640D /* Release */,
			);
			defaultConfigurationIsVisible = 0;
			defaultConfigurationName = Release;
		};
		1ABF16351F6E41F20007790B /* Build configuration list for PBXNativeTarget "MemeMe Version 2.0" */ = {
			isa = XCConfigurationList;
			buildConfigurations = (
				1ABF16361F6E41F20007790B /* Debug */,
				1ABF16371F6E41F20007790B /* Release */,
			);
			defaultConfigurationIsVisible = 0;
			defaultConfigurationName = Release;
		};
/* End XCConfigurationList section */
	};
	rootObject = 1A3CE47A1F688D9D0084640D /* Project object */;
}
